
Microsoft Visual Studio Solution File, Format Version 12.00
# Visual Studio Version 17
VisualStudioVersion = 17.6.33801.468
MinimumVisualStudioVersion = 10.0.40219.1
Project("{FAE04EC0-301F-11D3-BF4B-00C04F79EFBC}") = "ConsoleAppTest", "ConsoleAppTest\ConsoleAppTest.csproj", "{F87F0CE6-715C-4A7D-836A-6BC1DAC64A27}"
EndProject
Global
	GlobalSection(SolutionConfigurationPlatforms) = preSolution
		Debug|Any CPU = Debug|Any CPU
		Release|Any CPU = Release|Any CPU
	EndGlobalSection
	GlobalSection(ProjectConfigurationPlatforms) = postSolution
		{F87F0CE6-715C-4A7D-836A-6BC1DAC64A27}.Debug|Any CPU.ActiveCfg = Debug|Any CPU
		{F87F0CE6-715C-4A7D-836A-6BC1DAC64A27}.Debug|Any CPU.Build.0 = Debug|Any CPU
		{F87F0CE6-715C-4A7D-836A-6BC1DAC64A27}.Release|Any CPU.ActiveCfg = Release|Any CPU
		{F87F0CE6-715C-4A7D-836A-6BC1DAC64A27}.Release|Any CPU.Build.0 = Release|Any CPU
	EndGlobalSection
	GlobalSection(SolutionProperties) = preSolution
		HideSolutionNode = FALSE
	EndGlobalSection
	GlobalSection(ExtensibilityGlobals) = postSolution
		SolutionGuid = {4329FCEF-EEEC-4215-BA6B-2C559B767AA0}
	EndGlobalSection
EndGlobal
